// !$*UTF8*$!
{
	archiveVersion = 1;
	classes = {
	};
	objectVersion = 50;
	objects = {

/* Begin PBXBuildFile section */
		BC61EC3823D00A250075105C /* AppDelegate.swift in Sources */ = {isa = PBXBuildFile; fileRef = BC61EC3723D00A250075105C /* AppDelegate.swift */; };
		BC61EC3A23D00A250075105C /* ViewController.swift in Sources */ = {isa = PBXBuildFile; fileRef = BC61EC3923D00A250075105C /* ViewController.swift */; };
		BC61EC3D23D00A250075105C /* Main.storyboard in Resources */ = {isa = PBXBuildFile; fileRef = BC61EC3B23D00A250075105C /* Main.storyboard */; };
		BC61EC3F23D00A260075105C /* Assets.xcassets in Resources */ = {isa = PBXBuildFile; fileRef = BC61EC3E23D00A260075105C /* Assets.xcassets */; };
		BC61EC4223D00A260075105C /* LaunchScreen.storyboard in Resources */ = {isa = PBXBuildFile; fileRef = BC61EC4023D00A260075105C /* LaunchScreen.storyboard */; };
		BC61EC4D23D00A260075105C /* SwiftProgramingLangTests.swift in Sources */ = {isa = PBXBuildFile; fileRef = BC61EC4C23D00A260075105C /* SwiftProgramingLangTests.swift */; };
		BC61EC5823D00A260075105C /* SwiftProgramingLangUITests.swift in Sources */ = {isa = PBXBuildFile; fileRef = BC61EC5723D00A260075105C /* SwiftProgramingLangUITests.swift */; };
/* End PBXBuildFile section */

/* Begin PBXContainerItemProxy section */
		BC61EC4923D00A260075105C /* PBXContainerItemProxy */ = {
			isa = PBXContainerItemProxy;
			containerPortal = BC61EC2C23D00A250075105C /* Project object */;
			proxyType = 1;
			remoteGlobalIDString = BC61EC3323D00A250075105C;
			remoteInfo = SwiftProgramingLang;
		};
		BC61EC5423D00A260075105C /* PBXContainerItemProxy */ = {
			isa = PBXContainerItemProxy;
			containerPortal = BC61EC2C23D00A250075105C /* Project object */;
			proxyType = 1;
			remoteGlobalIDString = BC61EC3323D00A250075105C;
			remoteInfo = SwiftProgramingLang;
		};
/* End PBXContainerItemProxy section */

/* Begin PBXFileReference section */
		BC61EC3423D00A250075105C /* SwiftProgramingLang.app */ = {isa = PBXFileReference; explicitFileType = wrapper.application; includeInIndex = 0; path = SwiftProgramingLang.app; sourceTree = BUILT_PRODUCTS_DIR; };
		BC61EC3723D00A250075105C /* AppDelegate.swift */ = {isa = PBXFileReference; lastKnownFileType = sourcecode.swift; path = AppDelegate.swift; sourceTree = "<group>"; };
		BC61EC3923D00A250075105C /* ViewController.swift */ = {isa = PBXFileReference; lastKnownFileType = sourcecode.swift; path = ViewController.swift; sourceTree = "<group>"; };
		BC61EC3C23D00A250075105C /* Base */ = {isa = PBXFileReference; lastKnownFileType = file.storyboard; name = Base; path = Base.lproj/Main.storyboard; sourceTree = "<group>"; };
		BC61EC3E23D00A260075105C /* Assets.xcassets */ = {isa = PBXFileReference; lastKnownFileType = folder.assetcatalog; path = Assets.xcassets; sourceTree = "<group>"; };
		BC61EC4123D00A260075105C /* Base */ = {isa = PBXFileReference; lastKnownFileType = file.storyboard; name = Base; path = Base.lproj/LaunchScreen.storyboard; sourceTree = "<group>"; };
		BC61EC4323D00A260075105C /* Info.plist */ = {isa = PBXFileReference; lastKnownFileType = text.plist.xml; path = Info.plist; sourceTree = "<group>"; };
		BC61EC4823D00A260075105C /* SwiftProgramingLangTests.xctest */ = {isa = PBXFileReference; explicitFileType = wrapper.cfbundle; includeInIndex = 0; path = SwiftProgramingLangTests.xctest; sourceTree = BUILT_PRODUCTS_DIR; };
		BC61EC4C23D00A260075105C /* SwiftProgramingLangTests.swift */ = {isa = PBXFileReference; lastKnownFileType = sourcecode.swift; path = SwiftProgramingLangTests.swift; sourceTree = "<group>"; };
		BC61EC4E23D00A260075105C /* Info.plist */ = {isa = PBXFileReference; lastKnownFileType = text.plist.xml; path = Info.plist; sourceTree = "<group>"; };
		BC61EC5323D00A260075105C /* SwiftProgramingLangUITests.xctest */ = {isa = PBXFileReference; explicitFileType = wrapper.cfbundle; includeInIndex = 0; path = SwiftProgramingLangUITests.xctest; sourceTree = BUILT_PRODUCTS_DIR; };
		BC61EC5723D00A260075105C /* SwiftProgramingLangUITests.swift */ = {isa = PBXFileReference; lastKnownFileType = sourcecode.swift; path = SwiftProgramingLangUITests.swift; sourceTree = "<group>"; };
		BC61EC5923D00A260075105C /* Info.plist */ = {isa = PBXFileReference; lastKnownFileType = text.plist.xml; path = Info.plist; sourceTree = "<group>"; };
/* End PBXFileReference section */

/* Begin PBXFrameworksBuildPhase section */
		BC61EC3123D00A250075105C /* Frameworks */ = {
			isa = PBXFrameworksBuildPhase;
			buildActionMask = 2147483647;
			files = (
			);
			runOnlyForDeploymentPostprocessing = 0;
		};
		BC61EC4523D00A260075105C /* Frameworks */ = {
			isa = PBXFrameworksBuildPhase;
			buildActionMask = 2147483647;
			files = (
			);
			runOnlyForDeploymentPostprocessing = 0;
		};
		BC61EC5023D00A260075105C /* Frameworks */ = {
			isa = PBXFrameworksBuildPhase;
			buildActionMask = 2147483647;
			files = (
			);
			runOnlyForDeploymentPostprocessing = 0;
		};
/* End PBXFrameworksBuildPhase section */

/* Begin PBXGroup section */
		BC61EC2B23D00A250075105C = {
			isa = PBXGroup;
			children = (
				BC61EC3623D00A250075105C /* SwiftProgramingLang */,
				BC61EC4B23D00A260075105C /* SwiftProgramingLangTests */,
				BC61EC5623D00A260075105C /* SwiftProgramingLangUITests */,
				BC61EC3523D00A250075105C /* Products */,
			);
			sourceTree = "<group>";
		};
		BC61EC3523D00A250075105C /* Products */ = {
			isa = PBXGroup;
			children = (
				BC61EC3423D00A250075105C /* SwiftProgramingLang.app */,
				BC61EC4823D00A260075105C /* SwiftProgramingLangTests.xctest */,
				BC61EC5323D00A260075105C /* SwiftProgramingLangUITests.xctest */,
			);
			name = Products;
			sourceTree = "<group>";
		};
		BC61EC3623D00A250075105C /* SwiftProgramingLang */ = {
			isa = PBXGroup;
			children = (
				BC61EC3723D00A250075105C /* AppDelegate.swift */,
				BC61EC3923D00A250075105C /* ViewController.swift */,
				BC61EC3B23D00A250075105C /* Main.storyboard */,
				BC61EC3E23D00A260075105C /* Assets.xcassets */,
				BC61EC4023D00A260075105C /* LaunchScreen.storyboard */,
				BC61EC4323D00A260075105C /* Info.plist */,
			);
			path = SwiftProgramingLang;
			sourceTree = "<group>";
		};
		BC61EC4B23D00A260075105C /* SwiftProgramingLangTests */ = {
			isa = PBXGroup;
			children = (
				BC61EC4C23D00A260075105C /* SwiftProgramingLangTests.swift */,
				BC61EC4E23D00A260075105C /* Info.plist */,
			);
			path = SwiftProgramingLangTests;
			sourceTree = "<group>";
		};
		BC61EC5623D00A260075105C /* SwiftProgramingLangUITests */ = {
			isa = PBXGroup;
			children = (
				BC61EC5723D00A260075105C /* SwiftProgramingLangUITests.swift */,
				BC61EC5923D00A260075105C /* Info.plist */,
			);
			path = SwiftProgramingLangUITests;
			sourceTree = "<group>";
		};
/* End PBXGroup section */

/* Begin PBXNativeTarget section */
		BC61EC3323D00A250075105C /* SwiftProgramingLang */ = {
			isa = PBXNativeTarget;
			buildConfigurationList = BC61EC5C23D00A260075105C /* Build configuration list for PBXNativeTarget "SwiftProgramingLang" */;
			buildPhases = (
				BC61EC3023D00A250075105C /* Sources */,
				BC61EC3123D00A250075105C /* Frameworks */,
				BC61EC3223D00A250075105C /* Resources */,
			);
			buildRules = (
			);
			dependencies = (
			);
			name = SwiftProgramingLang;
			productName = SwiftProgramingLang;
			productReference = BC61EC3423D00A250075105C /* SwiftProgramingLang.app */;
			productType = "com.apple.product-type.application";
		};
		BC61EC4723D00A260075105C /* SwiftProgramingLangTests */ = {
			isa = PBXNativeTarget;
			buildConfigurationList = BC61EC5F23D00A260075105C /* Build configuration list for PBXNativeTarget "SwiftProgramingLangTests" */;
			buildPhases = (
				BC61EC4423D00A260075105C /* Sources */,
				BC61EC4523D00A260075105C /* Frameworks */,
				BC61EC4623D00A260075105C /* Resources */,
			);
			buildRules = (
			);
			dependencies = (
				BC61EC4A23D00A260075105C /* PBXTargetDependency */,
			);
			name = SwiftProgramingLangTests;
			productName = SwiftProgramingLangTests;
			productReference = BC61EC4823D00A260075105C /* SwiftProgramingLangTests.xctest */;
			productType = "com.apple.product-type.bundle.unit-test";
		};
		BC61EC5223D00A260075105C /* SwiftProgramingLangUITests */ = {
			isa = PBXNativeTarget;
			buildConfigurationList = BC61EC6223D00A260075105C /* Build configuration list for PBXNativeTarget "SwiftProgramingLangUITests" */;
			buildPhases = (
				BC61EC4F23D00A260075105C /* Sources */,
				BC61EC5023D00A260075105C /* Frameworks */,
				BC61EC5123D00A260075105C /* Resources */,
			);
			buildRules = (
			);
			dependencies = (
				BC61EC5523D00A260075105C /* PBXTargetDependency */,
			);
			name = SwiftProgramingLangUITests;
			productName = SwiftProgramingLangUITests;
			productReference = BC61EC5323D00A260075105C /* SwiftProgramingLangUITests.xctest */;
			productType = "com.apple.product-type.bundle.ui-testing";
		};
/* End PBXNativeTarget section */

/* Begin PBXProject section */
		BC61EC2C23D00A250075105C /* Project object */ = {
			isa = PBXProject;
			attributes = {
				LastSwiftUpdateCheck = 1010;
				LastUpgradeCheck = 1010;
				ORGANIZATIONNAME = Tuan;
				TargetAttributes = {
					BC61EC3323D00A250075105C = {
						CreatedOnToolsVersion = 10.1;
					};
					BC61EC4723D00A260075105C = {
						CreatedOnToolsVersion = 10.1;
						TestTargetID = BC61EC3323D00A250075105C;
					};
					BC61EC5223D00A260075105C = {
						CreatedOnToolsVersion = 10.1;
						TestTargetID = BC61EC3323D00A250075105C;
					};
				};
			};
			buildConfigurationList = BC61EC2F23D00A250075105C /* Build configuration list for PBXProject "SwiftProgramingLang" */;
			compatibilityVersion = "Xcode 9.3";
			developmentRegion = en;
			hasScannedForEncodings = 0;
			knownRegions = (
				en,
				Base,
			);
			mainGroup = BC61EC2B23D00A250075105C;
			productRefGroup = BC61EC3523D00A250075105C /* Products */;
			projectDirPath = "";
			projectRoot = "";
			targets = (
				BC61EC3323D00A250075105C /* SwiftProgramingLang */,
				BC61EC4723D00A260075105C /* SwiftProgramingLangTests */,
				BC61EC5223D00A260075105C /* SwiftProgramingLangUITests */,
			);
		};
/* End PBXProject section */

/* Begin PBXResourcesBuildPhase section */
		BC61EC3223D00A250075105C /* Resources */ = {
			isa = PBXResourcesBuildPhase;
			buildActionMask = 2147483647;
			files = (
				BC61EC4223D00A260075105C /* LaunchScreen.storyboard in Resources */,
				BC61EC3F23D00A260075105C /* Assets.xcassets in Resources */,
				BC61EC3D23D00A250075105C /* Main.storyboard in Resources */,
			);
			runOnlyForDeploymentPostprocessing = 0;
		};
		BC61EC4623D00A260075105C /* Resources */ = {
			isa = PBXResourcesBuildPhase;
			buildActionMask = 2147483647;
			files = (
			);
			runOnlyForDeploymentPostprocessing = 0;
		};
		BC61EC5123D00A260075105C /* Resources */ = {
			isa = PBXResourcesBuildPhase;
			buildActionMask = 2147483647;
			files = (
			);
			runOnlyForDeploymentPostprocessing = 0;
		};
/* End PBXResourcesBuildPhase section */

/* Begin PBXSourcesBuildPhase section */
		BC61EC3023D00A250075105C /* Sources */ = {
			isa = PBXSourcesBuildPhase;
			buildActionMask = 2147483647;
			files = (
				BC61EC3A23D00A250075105C /* ViewController.swift in Sources */,
				BC61EC3823D00A250075105C /* AppDelegate.swift in Sources */,
			);
			runOnlyForDeploymentPostprocessing = 0;
		};
		BC61EC4423D00A260075105C /* Sources */ = {
			isa = PBXSourcesBuildPhase;
			buildActionMask = 2147483647;
			files = (
				BC61EC4D23D00A260075105C /* SwiftProgramingLangTests.swift in Sources */,
			);
			runOnlyForDeploymentPostprocessing = 0;
		};
		BC61EC4F23D00A260075105C /* Sources */ = {
			isa = PBXSourcesBuildPhase;
			buildActionMask = 2147483647;
			files = (
				BC61EC5823D00A260075105C /* SwiftProgramingLangUITests.swift in Sources */,
			);
			runOnlyForDeploymentPostprocessing = 0;
		};
/* End PBXSourcesBuildPhase section */

/* Begin PBXTargetDependency section */
		BC61EC4A23D00A260075105C /* PBXTargetDependency */ = {
			isa = PBXTargetDependency;
			target = BC61EC3323D00A250075105C /* SwiftProgramingLang */;
			targetProxy = BC61EC4923D00A260075105C /* PBXContainerItemProxy */;
		};
		BC61EC5523D00A260075105C /* PBXTargetDependency */ = {
			isa = PBXTargetDependency;
			target = BC61EC3323D00A250075105C /* SwiftProgramingLang */;
			targetProxy = BC61EC5423D00A260075105C /* PBXContainerItemProxy */;
		};
/* End PBXTargetDependency section */

/* Begin PBXVariantGroup section */
		BC61EC3B23D00A250075105C /* Main.storyboard */ = {
			isa = PBXVariantGroup;
			children = (
				BC61EC3C23D00A250075105C /* Base */,
			);
			name = Main.storyboard;
			sourceTree = "<group>";
		};
		BC61EC4023D00A260075105C /* LaunchScreen.storyboard */ = {
			isa = PBXVariantGroup;
			children = (
				BC61EC4123D00A260075105C /* Base */,
			);
			name = LaunchScreen.storyboard;
			sourceTree = "<group>";
		};
/* End PBXVariantGroup section */

/* Begin XCBuildConfiguration section */
		BC61EC5A23D00A260075105C /* Debug */ = {
			isa = XCBuildConfiguration;
			buildSettings = {
				ALWAYS_SEARCH_USER_PATHS = NO;
				CLANG_ANALYZER_NONNULL = YES;
				CLANG_ANALYZER_NUMBER_OBJECT_CONVERSION = YES_AGGRESSIVE;
				CLANG_CXX_LANGUAGE_STANDARD = "gnu++14";
				CLANG_CXX_LIBRARY = "libc++";
				CLANG_ENABLE_MODULES = YES;
				CLANG_ENABLE_OBJC_ARC = YES;
				CLANG_ENABLE_OBJC_WEAK = YES;
				CLANG_WARN_BLOCK_CAPTURE_AUTORELEASING = YES;
				CLANG_WARN_BOOL_CONVERSION = YES;
				CLANG_WARN_COMMA = YES;
				CLANG_WARN_CONSTANT_CONVERSION = YES;
				CLANG_WARN_DEPRECATED_OBJC_IMPLEMENTATIONS = YES;
				CLANG_WARN_DIRECT_OBJC_ISA_USAGE = YES_ERROR;
				CLANG_WARN_DOCUMENTATION_COMMENTS = YES;
				CLANG_WARN_EMPTY_BODY = YES;
				CLANG_WARN_ENUM_CONVERSION = YES;
				CLANG_WARN_INFINITE_RECURSION = YES;
				CLANG_WARN_INT_CONVERSION = YES;
				CLANG_WARN_NON_LITERAL_NULL_CONVERSION = YES;
				CLANG_WARN_OBJC_IMPLICIT_RETAIN_SELF = YES;
				CLANG_WARN_OBJC_LITERAL_CONVERSION = YES;
				CLANG_WARN_OBJC_ROOT_CLASS = YES_ERROR;
				CLANG_WARN_RANGE_LOOP_ANALYSIS = YES;
				CLANG_WARN_STRICT_PROTOTYPES = YES;
				CLANG_WARN_SUSPICIOUS_MOVE = YES;
				CLANG_WARN_UNGUARDED_AVAILABILITY = YES_AGGRESSIVE;
				CLANG_WARN_UNREACHABLE_CODE = YES;
				CLANG_WARN__DUPLICATE_METHOD_MATCH = YES;
				CODE_SIGN_IDENTITY = "iPhone Developer";
				COPY_PHASE_STRIP = NO;
				DEBUG_INFORMATION_FORMAT = dwarf;
				ENABLE_STRICT_OBJC_MSGSEND = YES;
				ENABLE_TESTABILITY = YES;
				GCC_C_LANGUAGE_STANDARD = gnu11;
				GCC_DYNAMIC_NO_PIC = NO;
				GCC_NO_COMMON_BLOCKS = YES;
				GCC_OPTIMIZATION_LEVEL = 0;
				GCC_PREPROCESSOR_DEFINITIONS = (
					"DEBUG=1",
					"$(inherited)",
				);
				GCC_WARN_64_TO_32_BIT_CONVERSION = YES;
				GCC_WARN_ABOUT_RETURN_TYPE = YES_ERROR;
				GCC_WARN_UNDECLARED_SELECTOR = YES;
				GCC_WARN_UNINITIALIZED_AUTOS = YES_AGGRESSIVE;
				GCC_WARN_UNUSED_FUNCTION = YES;
				GCC_WARN_UNUSED_VARIABLE = YES;
				IPHONEOS_DEPLOYMENT_TARGET = 12.1;
				MTL_ENABLE_DEBUG_INFO = INCLUDE_SOURCE;
				MTL_FAST_MATH = YES;
				ONLY_ACTIVE_ARCH = YES;
				SDKROOT = iphoneos;
				SWIFT_ACTIVE_COMPILATION_CONDITIONS = DEBUG;
				SWIFT_OPTIMIZATION_LEVEL = "-Onone";
			};
			name = Debug;
		};
		BC61EC5B23D00A260075105C /* Release */ = {
			isa = XCBuildConfiguration;
			buildSettings = {
				ALWAYS_SEARCH_USER_PATHS = NO;
				CLANG_ANALYZER_NONNULL = YES;
				CLANG_ANALYZER_NUMBER_OBJECT_CONVERSION = YES_AGGRESSIVE;
				CLANG_CXX_LANGUAGE_STANDARD = "gnu++14";
				CLANG_CXX_LIBRARY = "libc++";
				CLANG_ENABLE_MODULES = YES;
				CLANG_ENABLE_OBJC_ARC = YES;
				CLANG_ENABLE_OBJC_WEAK = YES;
				CLANG_WARN_BLOCK_CAPTURE_AUTORELEASING = YES;
				CLANG_WARN_BOOL_CONVERSION = YES;
				CLANG_WARN_COMMA = YES;
				CLANG_WARN_CONSTANT_CONVERSION = YES;
				CLANG_WARN_DEPRECATED_OBJC_IMPLEMENTATIONS = YES;
				CLANG_WARN_DIRECT_OBJC_ISA_USAGE = YES_ERROR;
				CLANG_WARN_DOCUMENTATION_COMMENTS = YES;
				CLANG_WARN_EMPTY_BODY = YES;
				CLANG_WARN_ENUM_CONVERSION = YES;
				CLANG_WARN_INFINITE_RECURSION = YES;
				CLANG_WARN_INT_CONVERSION = YES;
				CLANG_WARN_NON_LITERAL_NULL_CONVERSION = YES;
				CLANG_WARN_OBJC_IMPLICIT_RETAIN_SELF = YES;
				CLANG_WARN_OBJC_LITERAL_CONVERSION = YES;
				CLANG_WARN_OBJC_ROOT_CLASS = YES_ERROR;
				CLANG_WARN_RANGE_LOOP_ANALYSIS = YES;
				CLANG_WARN_STRICT_PROTOTYPES = YES;
				CLANG_WARN_SUSPICIOUS_MOVE = YES;
				CLANG_WARN_UNGUARDED_AVAILABILITY = YES_AGGRESSIVE;
				CLANG_WARN_UNREACHABLE_CODE = YES;
				CLANG_WARN__DUPLICATE_METHOD_MATCH = YES;
				CODE_SIGN_IDENTITY = "iPhone Developer";
				COPY_PHASE_STRIP = NO;
				DEBUG_INFORMATION_FORMAT = "dwarf-with-dsym";
				ENABLE_NS_ASSERTIONS = NO;
				ENABLE_STRICT_OBJC_MSGSEND = YES;
				GCC_C_LANGUAGE_STANDARD = gnu11;
				GCC_NO_COMMON_BLOCKS = YES;
				GCC_WARN_64_TO_32_BIT_CONVERSION = YES;
				GCC_WARN_ABOUT_RETURN_TYPE = YES_ERROR;
				GCC_WARN_UNDECLARED_SELECTOR = YES;
				GCC_WARN_UNINITIALIZED_AUTOS = YES_AGGRESSIVE;
				GCC_WARN_UNUSED_FUNCTION = YES;
				GCC_WARN_UNUSED_VARIABLE = YES;
				IPHONEOS_DEPLOYMENT_TARGET = 12.1;
				MTL_ENABLE_DEBUG_INFO = NO;
				MTL_FAST_MATH = YES;
				SDKROOT = iphoneos;
				SWIFT_COMPILATION_MODE = wholemodule;
				SWIFT_OPTIMIZATION_LEVEL = "-O";
				VALIDATE_PRODUCT = YES;
			};
			name = Release;
		};
		BC61EC5D23D00A260075105C /* Debug */ = {
			isa = XCBuildConfiguration;
			buildSettings = {
				ASSETCATALOG_COMPILER_APPICON_NAME = AppIcon;
				CODE_SIGN_STYLE = Automatic;
				INFOPLIST_FILE = SwiftProgramingLang/Info.plist;
				LD_RUNPATH_SEARCH_PATHS = (
					"$(inherited)",
					"@executable_path/Frameworks",
				);
				PRODUCT_BUNDLE_IDENTIFIER = Suke.SwiftProgramingLang;
				PRODUCT_NAME = "$(TARGET_NAME)";
				SWIFT_VERSION = 4.2;
				TARGETED_DEVICE_FAMILY = "1,2";
			};
			name = Debug;
		};
		BC61EC5E23D00A260075105C /* Release */ = {
			isa = XCBuildConfiguration;
			buildSettings = {
				ASSETCATALOG_COMPILER_APPICON_NAME = AppIcon;
				CODE_SIGN_STYLE = Automatic;
				INFOPLIST_FILE = SwiftProgramingLang/Info.plist;
				LD_RUNPATH_SEARCH_PATHS = (
					"$(inherited)",
					"@executable_path/Frameworks",
				);
				PRODUCT_BUNDLE_IDENTIFIER = Suke.SwiftProgramingLang;
				PRODUCT_NAME = "$(TARGET_NAME)";
				SWIFT_VERSION = 4.2;
				TARGETED_DEVICE_FAMILY = "1,2";
			};
			name = Release;
		};
		BC61EC6023D00A260075105C /* Debug */ = {
			isa = XCBuildConfiguration;
			buildSettings = {
				ALWAYS_EMBED_SWIFT_STANDARD_LIBRARIES = YES;
				BUNDLE_LOADER = "$(TEST_HOST)";
				CODE_SIGN_STYLE = Automatic;
				INFOPLIST_FILE = SwiftProgramingLangTests/Info.plist;
				LD_RUNPATH_SEARCH_PATHS = (
					"$(inherited)",
					"@executable_path/Frameworks",
					"@loader_path/Frameworks",
				);
				PRODUCT_BUNDLE_IDENTIFIER = Suke.SwiftProgramingLangTests;
				PRODUCT_NAME = "$(TARGET_NAME)";
				SWIFT_VERSION = 4.2;
				TARGETED_DEVICE_FAMILY = "1,2";
				TEST_HOST = "$(BUILT_PRODUCTS_DIR)/SwiftProgramingLang.app/SwiftProgramingLang";
			};
			name = Debug;
		};
		BC61EC6123D00A260075105C /* Release */ = {
			isa = XCBuildConfiguration;
			buildSettings = {
				ALWAYS_EMBED_SWIFT_STANDARD_LIBRARIES = YES;
				BUNDLE_LOADER = "$(TEST_HOST)";
				CODE_SIGN_STYLE = Automatic;
				INFOPLIST_FILE = SwiftProgramingLangTests/Info.plist;
				LD_RUNPATH_SEARCH_PATHS = (
					"$(inherited)",
					"@executable_path/Frameworks",
					"@loader_path/Frameworks",
				);
				PRODUCT_BUNDLE_IDENTIFIER = Suke.SwiftProgramingLangTests;
				PRODUCT_NAME = "$(TARGET_NAME)";
				SWIFT_VERSION = 4.2;
				TARGETED_DEVICE_FAMILY = "1,2";
				TEST_HOST = "$(BUILT_PRODUCTS_DIR)/SwiftProgramingLang.app/SwiftProgramingLang";
			};
			name = Release;
		};
		BC61EC6323D00A260075105C /* Debug */ = {
			isa = XCBuildConfiguration;
			buildSettings = {
				ALWAYS_EMBED_SWIFT_STANDARD_LIBRARIES = YES;
				CODE_SIGN_STYLE = Automatic;
				INFOPLIST_FILE = SwiftProgramingLangUITests/Info.plist;
				LD_RUNPATH_SEARCH_PATHS = (
					"$(inherited)",
					"@executable_path/Frameworks",
					"@loader_path/Frameworks",
				);
				PRODUCT_BUNDLE_IDENTIFIER = Suke.SwiftProgramingLangUITests;
				PRODUCT_NAME = "$(TARGET_NAME)";
				SWIFT_VERSION = 4.2;
				TARGETED_DEVICE_FAMILY = "1,2";
				TEST_TARGET_NAME = SwiftProgramingLang;
			};
			name = Debug;
		};
		BC61EC6423D00A260075105C /* Release */ = {
			isa = XCBuildConfiguration;
			buildSettings = {
				ALWAYS_EMBED_SWIFT_STANDARD_LIBRARIES = YES;
				CODE_SIGN_STYLE = Automatic;
				INFOPLIST_FILE = SwiftProgramingLangUITests/Info.plist;
				LD_RUNPATH_SEARCH_PATHS = (
					"$(inherited)",
					"@executable_path/Frameworks",
					"@loader_path/Frameworks",
				);
				PRODUCT_BUNDLE_IDENTIFIER = Suke.SwiftProgramingLangUITests;
				PRODUCT_NAME = "$(TARGET_NAME)";
				SWIFT_VERSION = 4.2;
				TARGETED_DEVICE_FAMILY = "1,2";
				TEST_TARGET_NAME = SwiftProgramingLang;
			};
			name = Release;
		};
/* End XCBuildConfiguration section */

/* Begin XCConfigurationList section */
		BC61EC2F23D00A250075105C /* Build configuration list for PBXProject "SwiftProgramingLang" */ = {
			isa = XCConfigurationList;
			buildConfigurations = (
				BC61EC5A23D00A260075105C /* Debug */,
				BC61EC5B23D00A260075105C /* Release */,
			);
			defaultConfigurationIsVisible = 0;
			defaultConfigurationName = Release;
		};
		BC61EC5C23D00A260075105C /* Build configuration list for PBXNativeTarget "SwiftProgramingLang" */ = {
			isa = XCConfigurationList;
			buildConfigurations = (
				BC61EC5D23D00A260075105C /* Debug */,
				BC61EC5E23D00A260075105C /* Release */,
			);
			defaultConfigurationIsVisible = 0;
			defaultConfigurationName = Release;
		};
		BC61EC5F23D00A260075105C /* Build configuration list for PBXNativeTarget "SwiftProgramingLangTests" */ = {
			isa = XCConfigurationList;
			buildConfigurations = (
				BC61EC6023D00A260075105C /* Debug */,
				BC61EC6123D00A260075105C /* Release */,
			);
			defaultConfigurationIsVisible = 0;
			defaultConfigurationName = Release;
		};
		BC61EC6223D00A260075105C /* Build configuration list for PBXNativeTarget "SwiftProgramingLangUITests" */ = {
			isa = XCConfigurationList;
			buildConfigurations = (
				BC61EC6323D00A260075105C /* Debug */,
				BC61EC6423D00A260075105C /* Release */,
			);
			defaultConfigurationIsVisible = 0;
			defaultConfigurationName = Release;
		};
/* End XCConfigurationList section */
	};
	rootObject = BC61EC2C23D00A250075105C /* Project object */;
}
